{
  "name": "hackathon prototype",
  "lockfileVersion": 2,
  "requires": true,
  "packages": {
    "": {
      "dependencies": {
        "@openzeppelin/contracts": "^4.8.2",
        "@prb/math": "^3.3.1"
      }
    },
    "node_modules/@openzeppelin/contracts": {
      "version": "4.8.2",
      "resolved": "https://registry.npmjs.org/@openzeppelin/contracts/-/contracts-4.8.2.tgz",
      "integrity": "sha512-kEUOgPQszC0fSYWpbh2kT94ltOJwj1qfT2DWo+zVttmGmf97JZ99LspePNaeeaLhCImaHVeBbjaQFZQn7+Zc5g=="
    },
    "node_modules/@prb/math": {
      "version": "3.3.1",
      "resolved": "https://registry.npmjs.org/@prb/math/-/math-3.3.1.tgz",
      "integrity": "sha512-k1nnpZwCvvztainqJfvkYpBQuZ3pHKnS6vovUAp+i1hSzlcSWluM+nRxxZbb6wsXqyCJAxrw8Vd7bAG/VeMIUA=="
    }
  },
  "dependencies": {
    "@openzeppelin/contracts": {
      "version": "4.8.2",
      "resolved": "https://registry.npmjs.org/@openzeppelin/contracts/-/contracts-4.8.2.tgz",
      "integrity": "sha512-kEUOgPQszC0fSYWpbh2kT94ltOJwj1qfT2DWo+zVttmGmf97JZ99LspePNaeeaLhCImaHVeBbjaQFZQn7+Zc5g=="
    },
    "@prb/math": {
      "version": "3.3.1",
      "resolved": "https://registry.npmjs.org/@prb/math/-/math-3.3.1.tgz",
      "integrity": "sha512-k1nnpZwCvvztainqJfvkYpBQuZ3pHKnS6vovUAp+i1hSzlcSWluM+nRxxZbb6wsXqyCJAxrw8Vd7bAG/VeMIUA=="
    }
  }
}
